// !$*UTF8*$!
{
	archiveVersion = 1;
	classes = {
	};
	objectVersion = 56;
	objects = {

/* Begin PBXBuildFile section */
		734B700729DDF62C001A1FA3 /* AppDelegate.swift in Sources */ = {isa = PBXBuildFile; fileRef = 734B700629DDF62C001A1FA3 /* AppDelegate.swift */; };
		734B700929DDF62C001A1FA3 /* SceneDelegate.swift in Sources */ = {isa = PBXBuildFile; fileRef = 734B700829DDF62C001A1FA3 /* SceneDelegate.swift */; };
		734B700B29DDF62C001A1FA3 /* ViewController.swift in Sources */ = {isa = PBXBuildFile; fileRef = 734B700A29DDF62C001A1FA3 /* ViewController.swift */; };
		734B700E29DDF62C001A1FA3 /* Main.storyboard in Resources */ = {isa = PBXBuildFile; fileRef = 734B700C29DDF62C001A1FA3 /* Main.storyboard */; };
		734B701029DDF62D001A1FA3 /* Assets.xcassets in Resources */ = {isa = PBXBuildFile; fileRef = 734B700F29DDF62D001A1FA3 /* Assets.xcassets */; };
		734B701329DDF62D001A1FA3 /* LaunchScreen.storyboard in Resources */ = {isa = PBXBuildFile; fileRef = 734B701129DDF62D001A1FA3 /* LaunchScreen.storyboard */; };
		734B701E29DDF62D001A1FA3 /* MACos_projectTests.swift in Sources */ = {isa = PBXBuildFile; fileRef = 734B701D29DDF62D001A1FA3 /* MACos_projectTests.swift */; };
		734B702829DDF62D001A1FA3 /* MACos_projectUITests.swift in Sources */ = {isa = PBXBuildFile; fileRef = 734B702729DDF62D001A1FA3 /* MACos_projectUITests.swift */; };
		734B702A29DDF62D001A1FA3 /* MACos_projectUITestsLaunchTests.swift in Sources */ = {isa = PBXBuildFile; fileRef = 734B702929DDF62D001A1FA3 /* MACos_projectUITestsLaunchTests.swift */; };
		734B703729DDFAA0001A1FA3 /* ContactViewController.swift in Sources */ = {isa = PBXBuildFile; fileRef = 734B703629DDFAA0001A1FA3 /* ContactViewController.swift */; };
		734B703929DDFAAD001A1FA3 /* AddViewController.swift in Sources */ = {isa = PBXBuildFile; fileRef = 734B703829DDFAAD001A1FA3 /* AddViewController.swift */; };
		734B703B29DDFABD001A1FA3 /* CreditsViewController.swift in Sources */ = {isa = PBXBuildFile; fileRef = 734B703A29DDFABD001A1FA3 /* CreditsViewController.swift */; };
		734B703F29DDFCBA001A1FA3 /* nscc_logo.png in Resources */ = {isa = PBXBuildFile; fileRef = 734B703E29DDFCBA001A1FA3 /* nscc_logo.png */; };
		734B704129DE056B001A1FA3 /* DBmanager.swift in Sources */ = {isa = PBXBuildFile; fileRef = 734B704029DE056B001A1FA3 /* DBmanager.swift */; };
		73B04E9329DF29F600ED685F /* Contacts.swift in Sources */ = {isa = PBXBuildFile; fileRef = 73B04E9229DF29F600ED685F /* Contacts.swift */; };
/* End PBXBuildFile section */

/* Begin PBXContainerItemProxy section */
		734B701A29DDF62D001A1FA3 /* PBXContainerItemProxy */ = {
			isa = PBXContainerItemProxy;
			containerPortal = 734B6FFB29DDF62C001A1FA3 /* Project object */;
			proxyType = 1;
			remoteGlobalIDString = 734B700229DDF62C001A1FA3;
			remoteInfo = "MACos-project";
		};
		734B702429DDF62D001A1FA3 /* PBXContainerItemProxy */ = {
			isa = PBXContainerItemProxy;
			containerPortal = 734B6FFB29DDF62C001A1FA3 /* Project object */;
			proxyType = 1;
			remoteGlobalIDString = 734B700229DDF62C001A1FA3;
			remoteInfo = "MACos-project";
		};
/* End PBXContainerItemProxy section */

/* Begin PBXFileReference section */
		734B700329DDF62C001A1FA3 /* MACos-project.app */ = {isa = PBXFileReference; explicitFileType = wrapper.application; includeInIndex = 0; path = "MACos-project.app"; sourceTree = BUILT_PRODUCTS_DIR; };
		734B700629DDF62C001A1FA3 /* AppDelegate.swift */ = {isa = PBXFileReference; lastKnownFileType = sourcecode.swift; path = AppDelegate.swift; sourceTree = "<group>"; };
		734B700829DDF62C001A1FA3 /* SceneDelegate.swift */ = {isa = PBXFileReference; lastKnownFileType = sourcecode.swift; path = SceneDelegate.swift; sourceTree = "<group>"; };
		734B700A29DDF62C001A1FA3 /* ViewController.swift */ = {isa = PBXFileReference; lastKnownFileType = sourcecode.swift; path = ViewController.swift; sourceTree = "<group>"; };
		734B700D29DDF62C001A1FA3 /* Base */ = {isa = PBXFileReference; lastKnownFileType = file.storyboard; name = Base; path = Base.lproj/Main.storyboard; sourceTree = "<group>"; };
		734B700F29DDF62D001A1FA3 /* Assets.xcassets */ = {isa = PBXFileReference; lastKnownFileType = folder.assetcatalog; path = Assets.xcassets; sourceTree = "<group>"; };
		734B701229DDF62D001A1FA3 /* Base */ = {isa = PBXFileReference; lastKnownFileType = file.storyboard; name = Base; path = Base.lproj/LaunchScreen.storyboard; sourceTree = "<group>"; };
		734B701429DDF62D001A1FA3 /* Info.plist */ = {isa = PBXFileReference; lastKnownFileType = text.plist.xml; path = Info.plist; sourceTree = "<group>"; };
		734B701929DDF62D001A1FA3 /* MACos-projectTests.xctest */ = {isa = PBXFileReference; explicitFileType = wrapper.cfbundle; includeInIndex = 0; path = "MACos-projectTests.xctest"; sourceTree = BUILT_PRODUCTS_DIR; };
		734B701D29DDF62D001A1FA3 /* MACos_projectTests.swift */ = {isa = PBXFileReference; lastKnownFileType = sourcecode.swift; path = MACos_projectTests.swift; sourceTree = "<group>"; };
		734B702329DDF62D001A1FA3 /* MACos-projectUITests.xctest */ = {isa = PBXFileReference; explicitFileType = wrapper.cfbundle; includeInIndex = 0; path = "MACos-projectUITests.xctest"; sourceTree = BUILT_PRODUCTS_DIR; };
		734B702729DDF62D001A1FA3 /* MACos_projectUITests.swift */ = {isa = PBXFileReference; lastKnownFileType = sourcecode.swift; path = MACos_projectUITests.swift; sourceTree = "<group>"; };
		734B702929DDF62D001A1FA3 /* MACos_projectUITestsLaunchTests.swift */ = {isa = PBXFileReference; lastKnownFileType = sourcecode.swift; path = MACos_projectUITestsLaunchTests.swift; sourceTree = "<group>"; };
		734B703629DDFAA0001A1FA3 /* ContactViewController.swift */ = {isa = PBXFileReference; lastKnownFileType = sourcecode.swift; path = ContactViewController.swift; sourceTree = "<group>"; };
		734B703829DDFAAD001A1FA3 /* AddViewController.swift */ = {isa = PBXFileReference; lastKnownFileType = sourcecode.swift; path = AddViewController.swift; sourceTree = "<group>"; };
		734B703A29DDFABD001A1FA3 /* CreditsViewController.swift */ = {isa = PBXFileReference; lastKnownFileType = sourcecode.swift; path = CreditsViewController.swift; sourceTree = "<group>"; };
		734B703E29DDFCBA001A1FA3 /* nscc_logo.png */ = {isa = PBXFileReference; lastKnownFileType = image.png; name = nscc_logo.png; path = ../../../Downloads/nscc_logo.png; sourceTree = "<group>"; };
		734B704029DE056B001A1FA3 /* DBmanager.swift */ = {isa = PBXFileReference; lastKnownFileType = sourcecode.swift; path = DBmanager.swift; sourceTree = "<group>"; };
		734B704729DE200D001A1FA3 /* mac-contact.sqlite */ = {isa = PBXFileReference; lastKnownFileType = file; name = "mac-contact.sqlite"; path = "../../mac-contact.sqlite"; sourceTree = "<group>"; };
		73B04E9229DF29F600ED685F /* Contacts.swift */ = {isa = PBXFileReference; lastKnownFileType = sourcecode.swift; path = Contacts.swift; sourceTree = "<group>"; };
/* End PBXFileReference section */

/* Begin PBXFrameworksBuildPhase section */
		734B700029DDF62C001A1FA3 /* Frameworks */ = {
			isa = PBXFrameworksBuildPhase;
			buildActionMask = 2147483647;
			files = (
			);
			runOnlyForDeploymentPostprocessing = 0;
		};
		734B701629DDF62D001A1FA3 /* Frameworks */ = {
			isa = PBXFrameworksBuildPhase;
			buildActionMask = 2147483647;
			files = (
			);
			runOnlyForDeploymentPostprocessing = 0;
		};
		734B702029DDF62D001A1FA3 /* Frameworks */ = {
			isa = PBXFrameworksBuildPhase;
			buildActionMask = 2147483647;
			files = (
			);
			runOnlyForDeploymentPostprocessing = 0;
		};
/* End PBXFrameworksBuildPhase section */

/* Begin PBXGroup section */
		734B6FFA29DDF62C001A1FA3 = {
			isa = PBXGroup;
			children = (
				734B700529DDF62C001A1FA3 /* MACos-project */,
				734B701C29DDF62D001A1FA3 /* MACos-projectTests */,
				734B702629DDF62D001A1FA3 /* MACos-projectUITests */,
				734B700429DDF62C001A1FA3 /* Products */,
			);
			sourceTree = "<group>";
		};
		734B700429DDF62C001A1FA3 /* Products */ = {
			isa = PBXGroup;
			children = (
				734B700329DDF62C001A1FA3 /* MACos-project.app */,
				734B701929DDF62D001A1FA3 /* MACos-projectTests.xctest */,
				734B702329DDF62D001A1FA3 /* MACos-projectUITests.xctest */,
			);
			name = Products;
			sourceTree = "<group>";
		};
		734B700529DDF62C001A1FA3 /* MACos-project */ = {
			isa = PBXGroup;
			children = (
				734B700629DDF62C001A1FA3 /* AppDelegate.swift */,
				734B700829DDF62C001A1FA3 /* SceneDelegate.swift */,
				734B700A29DDF62C001A1FA3 /* ViewController.swift */,
				734B700C29DDF62C001A1FA3 /* Main.storyboard */,
				734B703629DDFAA0001A1FA3 /* ContactViewController.swift */,
				734B703E29DDFCBA001A1FA3 /* nscc_logo.png */,
				734B703829DDFAAD001A1FA3 /* AddViewController.swift */,
				734B704029DE056B001A1FA3 /* DBmanager.swift */,
				734B703A29DDFABD001A1FA3 /* CreditsViewController.swift */,
				734B704729DE200D001A1FA3 /* mac-contact.sqlite */,
				734B700F29DDF62D001A1FA3 /* Assets.xcassets */,
				734B701129DDF62D001A1FA3 /* LaunchScreen.storyboard */,
				734B701429DDF62D001A1FA3 /* Info.plist */,
				73B04E9229DF29F600ED685F /* Contacts.swift */,
			);
			path = "MACos-project";
			sourceTree = "<group>";
		};
		734B701C29DDF62D001A1FA3 /* MACos-projectTests */ = {
			isa = PBXGroup;
			children = (
				734B701D29DDF62D001A1FA3 /* MACos_projectTests.swift */,
			);
			path = "MACos-projectTests";
			sourceTree = "<group>";
		};
		734B702629DDF62D001A1FA3 /* MACos-projectUITests */ = {
			isa = PBXGroup;
			children = (
				734B702729DDF62D001A1FA3 /* MACos_projectUITests.swift */,
				734B702929DDF62D001A1FA3 /* MACos_projectUITestsLaunchTests.swift */,
			);
			path = "MACos-projectUITests";
			sourceTree = "<group>";
		};
/* End PBXGroup section */

/* Begin PBXNativeTarget section */
		734B700229DDF62C001A1FA3 /* MACos-project */ = {
			isa = PBXNativeTarget;
			buildConfigurationList = 734B702D29DDF62D001A1FA3 /* Build configuration list for PBXNativeTarget "MACos-project" */;
			buildPhases = (
				734B6FFF29DDF62C001A1FA3 /* Sources */,
				734B700029DDF62C001A1FA3 /* Frameworks */,
				734B700129DDF62C001A1FA3 /* Resources */,
			);
			buildRules = (
			);
			dependencies = (
			);
			name = "MACos-project";
			productName = "MACos-project";
			productReference = 734B700329DDF62C001A1FA3 /* MACos-project.app */;
			productType = "com.apple.product-type.application";
		};
		734B701829DDF62D001A1FA3 /* MACos-projectTests */ = {
			isa = PBXNativeTarget;
			buildConfigurationList = 734B703029DDF62D001A1FA3 /* Build configuration list for PBXNativeTarget "MACos-projectTests" */;
			buildPhases = (
				734B701529DDF62D001A1FA3 /* Sources */,
				734B701629DDF62D001A1FA3 /* Frameworks */,
				734B701729DDF62D001A1FA3 /* Resources */,
			);
			buildRules = (
			);
			dependencies = (
				734B701B29DDF62D001A1FA3 /* PBXTargetDependency */,
			);
			name = "MACos-projectTests";
			productName = "MACos-projectTests";
			productReference = 734B701929DDF62D001A1FA3 /* MACos-projectTests.xctest */;
			productType = "com.apple.product-type.bundle.unit-test";
		};
		734B702229DDF62D001A1FA3 /* MACos-projectUITests */ = {
			isa = PBXNativeTarget;
			buildConfigurationList = 734B703329DDF62D001A1FA3 /* Build configuration list for PBXNativeTarget "MACos-projectUITests" */;
			buildPhases = (
				734B701F29DDF62D001A1FA3 /* Sources */,
				734B702029DDF62D001A1FA3 /* Frameworks */,
				734B702129DDF62D001A1FA3 /* Resources */,
			);
			buildRules = (
			);
			dependencies = (
				734B702529DDF62D001A1FA3 /* PBXTargetDependency */,
			);
			name = "MACos-projectUITests";
			productName = "MACos-projectUITests";
			productReference = 734B702329DDF62D001A1FA3 /* MACos-projectUITests.xctest */;
			productType = "com.apple.product-type.bundle.ui-testing";
		};
/* End PBXNativeTarget section */

/* Begin PBXProject section */
		734B6FFB29DDF62C001A1FA3 /* Project object */ = {
			isa = PBXProject;
			attributes = {
				BuildIndependentTargetsInParallel = 1;
				LastSwiftUpdateCheck = 1420;
				LastUpgradeCheck = 1420;
				TargetAttributes = {
					734B700229DDF62C001A1FA3 = {
						CreatedOnToolsVersion = 14.2;
					};
					734B701829DDF62D001A1FA3 = {
						CreatedOnToolsVersion = 14.2;
						TestTargetID = 734B700229DDF62C001A1FA3;
					};
					734B702229DDF62D001A1FA3 = {
						CreatedOnToolsVersion = 14.2;
						TestTargetID = 734B700229DDF62C001A1FA3;
					};
				};
			};
			buildConfigurationList = 734B6FFE29DDF62C001A1FA3 /* Build configuration list for PBXProject "MACos-project" */;
			compatibilityVersion = "Xcode 14.0";
			developmentRegion = en;
			hasScannedForEncodings = 0;
			knownRegions = (
				en,
				Base,
			);
			mainGroup = 734B6FFA29DDF62C001A1FA3;
			productRefGroup = 734B700429DDF62C001A1FA3 /* Products */;
			projectDirPath = "";
			projectRoot = "";
			targets = (
				734B700229DDF62C001A1FA3 /* MACos-project */,
				734B701829DDF62D001A1FA3 /* MACos-projectTests */,
				734B702229DDF62D001A1FA3 /* MACos-projectUITests */,
			);
		};
/* End PBXProject section */

/* Begin PBXResourcesBuildPhase section */
		734B700129DDF62C001A1FA3 /* Resources */ = {
			isa = PBXResourcesBuildPhase;
			buildActionMask = 2147483647;
			files = (
				734B701329DDF62D001A1FA3 /* LaunchScreen.storyboard in Resources */,
				734B701029DDF62D001A1FA3 /* Assets.xcassets in Resources */,
				734B700E29DDF62C001A1FA3 /* Main.storyboard in Resources */,
				734B703F29DDFCBA001A1FA3 /* nscc_logo.png in Resources */,
			);
			runOnlyForDeploymentPostprocessing = 0;
		};
		734B701729DDF62D001A1FA3 /* Resources */ = {
			isa = PBXResourcesBuildPhase;
			buildActionMask = 2147483647;
			files = (
			);
			runOnlyForDeploymentPostprocessing = 0;
		};
		734B702129DDF62D001A1FA3 /* Resources */ = {
			isa = PBXResourcesBuildPhase;
			buildActionMask = 2147483647;
			files = (
			);
			runOnlyForDeploymentPostprocessing = 0;
		};
/* End PBXResourcesBuildPhase section */

/* Begin PBXSourcesBuildPhase section */
		734B6FFF29DDF62C001A1FA3 /* Sources */ = {
			isa = PBXSourcesBuildPhase;
			buildActionMask = 2147483647;
			files = (
				73B04E9329DF29F600ED685F /* Contacts.swift in Sources */,
				734B703929DDFAAD001A1FA3 /* AddViewController.swift in Sources */,
				734B703B29DDFABD001A1FA3 /* CreditsViewController.swift in Sources */,
				734B704129DE056B001A1FA3 /* DBmanager.swift in Sources */,
				734B700B29DDF62C001A1FA3 /* ViewController.swift in Sources */,
				734B703729DDFAA0001A1FA3 /* ContactViewController.swift in Sources */,
				734B700729DDF62C001A1FA3 /* AppDelegate.swift in Sources */,
				734B700929DDF62C001A1FA3 /* SceneDelegate.swift in Sources */,
			);
			runOnlyForDeploymentPostprocessing = 0;
		};
		734B701529DDF62D001A1FA3 /* Sources */ = {
			isa = PBXSourcesBuildPhase;
			buildActionMask = 2147483647;
			files = (
				734B701E29DDF62D001A1FA3 /* MACos_projectTests.swift in Sources */,
			);
			runOnlyForDeploymentPostprocessing = 0;
		};
		734B701F29DDF62D001A1FA3 /* Sources */ = {
			isa = PBXSourcesBuildPhase;
			buildActionMask = 2147483647;
			files = (
				734B702A29DDF62D001A1FA3 /* MACos_projectUITestsLaunchTests.swift in Sources */,
				734B702829DDF62D001A1FA3 /* MACos_projectUITests.swift in Sources */,
			);
			runOnlyForDeploymentPostprocessing = 0;
		};
/* End PBXSourcesBuildPhase section */

/* Begin PBXTargetDependency section */
		734B701B29DDF62D001A1FA3 /* PBXTargetDependency */ = {
			isa = PBXTargetDependency;
			target = 734B700229DDF62C001A1FA3 /* MACos-project */;
			targetProxy = 734B701A29DDF62D001A1FA3 /* PBXContainerItemProxy */;
		};
		734B702529DDF62D001A1FA3 /* PBXTargetDependency */ = {
			isa = PBXTargetDependency;
			target = 734B700229DDF62C001A1FA3 /* MACos-project */;
			targetProxy = 734B702429DDF62D001A1FA3 /* PBXContainerItemProxy */;
		};
/* End PBXTargetDependency section */

/* Begin PBXVariantGroup section */
		734B700C29DDF62C001A1FA3 /* Main.storyboard */ = {
			isa = PBXVariantGroup;
			children = (
				734B700D29DDF62C001A1FA3 /* Base */,
			);
			name = Main.storyboard;
			sourceTree = "<group>";
		};
		734B701129DDF62D001A1FA3 /* LaunchScreen.storyboard */ = {
			isa = PBXVariantGroup;
			children = (
				734B701229DDF62D001A1FA3 /* Base */,
			);
			name = LaunchScreen.storyboard;
			sourceTree = "<group>";
		};
/* End PBXVariantGroup section */

/* Begin XCBuildConfiguration section */
		734B702B29DDF62D001A1FA3 /* Debug */ = {
			isa = XCBuildConfiguration;
			buildSettings = {
				ALWAYS_SEARCH_USER_PATHS = NO;
				CLANG_ANALYZER_NONNULL = YES;
				CLANG_ANALYZER_NUMBER_OBJECT_CONVERSION = YES_AGGRESSIVE;
				CLANG_CXX_LANGUAGE_STANDARD = "gnu++20";
				CLANG_ENABLE_MODULES = YES;
				CLANG_ENABLE_OBJC_ARC = YES;
				CLANG_ENABLE_OBJC_WEAK = YES;
				CLANG_WARN_BLOCK_CAPTURE_AUTORELEASING = YES;
				CLANG_WARN_BOOL_CONVERSION = YES;
				CLANG_WARN_COMMA = YES;
				CLANG_WARN_CONSTANT_CONVERSION = YES;
				CLANG_WARN_DEPRECATED_OBJC_IMPLEMENTATIONS = YES;
				CLANG_WARN_DIRECT_OBJC_ISA_USAGE = YES_ERROR;
				CLANG_WARN_DOCUMENTATION_COMMENTS = YES;
				CLANG_WARN_EMPTY_BODY = YES;
				CLANG_WARN_ENUM_CONVERSION = YES;
				CLANG_WARN_INFINITE_RECURSION = YES;
				CLANG_WARN_INT_CONVERSION = YES;
				CLANG_WARN_NON_LITERAL_NULL_CONVERSION = YES;
				CLANG_WARN_OBJC_IMPLICIT_RETAIN_SELF = YES;
				CLANG_WARN_OBJC_LITERAL_CONVERSION = YES;
				CLANG_WARN_OBJC_ROOT_CLASS = YES_ERROR;
				CLANG_WARN_QUOTED_INCLUDE_IN_FRAMEWORK_HEADER = YES;
				CLANG_WARN_RANGE_LOOP_ANALYSIS = YES;
				CLANG_WARN_STRICT_PROTOTYPES = YES;
				CLANG_WARN_SUSPICIOUS_MOVE = YES;
				CLANG_WARN_UNGUARDED_AVAILABILITY = YES_AGGRESSIVE;
				CLANG_WARN_UNREACHABLE_CODE = YES;
				CLANG_WARN__DUPLICATE_METHOD_MATCH = YES;
				COPY_PHASE_STRIP = NO;
				DEBUG_INFORMATION_FORMAT = dwarf;
				ENABLE_STRICT_OBJC_MSGSEND = YES;
				ENABLE_TESTABILITY = YES;
				GCC_C_LANGUAGE_STANDARD = gnu11;
				GCC_DYNAMIC_NO_PIC = NO;
				GCC_NO_COMMON_BLOCKS = YES;
				GCC_OPTIMIZATION_LEVEL = 0;
				GCC_PREPROCESSOR_DEFINITIONS = (
					"DEBUG=1",
					"$(inherited)",
				);
				GCC_WARN_64_TO_32_BIT_CONVERSION = YES;
				GCC_WARN_ABOUT_RETURN_TYPE = YES_ERROR;
				GCC_WARN_UNDECLARED_SELECTOR = YES;
				GCC_WARN_UNINITIALIZED_AUTOS = YES_AGGRESSIVE;
				GCC_WARN_UNUSED_FUNCTION = YES;
				GCC_WARN_UNUSED_VARIABLE = YES;
				IPHONEOS_DEPLOYMENT_TARGET = 16.2;
				MTL_ENABLE_DEBUG_INFO = INCLUDE_SOURCE;
				MTL_FAST_MATH = YES;
				ONLY_ACTIVE_ARCH = YES;
				SDKROOT = iphoneos;
				SWIFT_ACTIVE_COMPILATION_CONDITIONS = DEBUG;
				SWIFT_OPTIMIZATION_LEVEL = "-Onone";
			};
			name = Debug;
		};
		734B702C29DDF62D001A1FA3 /* Release */ = {
			isa = XCBuildConfiguration;
			buildSettings = {
				ALWAYS_SEARCH_USER_PATHS = NO;
				CLANG_ANALYZER_NONNULL = YES;
				CLANG_ANALYZER_NUMBER_OBJECT_CONVERSION = YES_AGGRESSIVE;
				CLANG_CXX_LANGUAGE_STANDARD = "gnu++20";
				CLANG_ENABLE_MODULES = YES;
				CLANG_ENABLE_OBJC_ARC = YES;
				CLANG_ENABLE_OBJC_WEAK = YES;
				CLANG_WARN_BLOCK_CAPTURE_AUTORELEASING = YES;
				CLANG_WARN_BOOL_CONVERSION = YES;
				CLANG_WARN_COMMA = YES;
				CLANG_WARN_CONSTANT_CONVERSION = YES;
				CLANG_WARN_DEPRECATED_OBJC_IMPLEMENTATIONS = YES;
				CLANG_WARN_DIRECT_OBJC_ISA_USAGE = YES_ERROR;
				CLANG_WARN_DOCUMENTATION_COMMENTS = YES;
				CLANG_WARN_EMPTY_BODY = YES;
				CLANG_WARN_ENUM_CONVERSION = YES;
				CLANG_WARN_INFINITE_RECURSION = YES;
				CLANG_WARN_INT_CONVERSION = YES;
				CLANG_WARN_NON_LITERAL_NULL_CONVERSION = YES;
				CLANG_WARN_OBJC_IMPLICIT_RETAIN_SELF = YES;
				CLANG_WARN_OBJC_LITERAL_CONVERSION = YES;
				CLANG_WARN_OBJC_ROOT_CLASS = YES_ERROR;
				CLANG_WARN_QUOTED_INCLUDE_IN_FRAMEWORK_HEADER = YES;
				CLANG_WARN_RANGE_LOOP_ANALYSIS = YES;
				CLANG_WARN_STRICT_PROTOTYPES = YES;
				CLANG_WARN_SUSPICIOUS_MOVE = YES;
				CLANG_WARN_UNGUARDED_AVAILABILITY = YES_AGGRESSIVE;
				CLANG_WARN_UNREACHABLE_CODE = YES;
				CLANG_WARN__DUPLICATE_METHOD_MATCH = YES;
				COPY_PHASE_STRIP = NO;
				DEBUG_INFORMATION_FORMAT = "dwarf-with-dsym";
				ENABLE_NS_ASSERTIONS = NO;
				ENABLE_STRICT_OBJC_MSGSEND = YES;
				GCC_C_LANGUAGE_STANDARD = gnu11;
				GCC_NO_COMMON_BLOCKS = YES;
				GCC_WARN_64_TO_32_BIT_CONVERSION = YES;
				GCC_WARN_ABOUT_RETURN_TYPE = YES_ERROR;
				GCC_WARN_UNDECLARED_SELECTOR = YES;
				GCC_WARN_UNINITIALIZED_AUTOS = YES_AGGRESSIVE;
				GCC_WARN_UNUSED_FUNCTION = YES;
				GCC_WARN_UNUSED_VARIABLE = YES;
				IPHONEOS_DEPLOYMENT_TARGET = 16.2;
				MTL_ENABLE_DEBUG_INFO = NO;
				MTL_FAST_MATH = YES;
				SDKROOT = iphoneos;
				SWIFT_COMPILATION_MODE = wholemodule;
				SWIFT_OPTIMIZATION_LEVEL = "-O";
				VALIDATE_PRODUCT = YES;
			};
			name = Release;
		};
		734B702E29DDF62D001A1FA3 /* Debug */ = {
			isa = XCBuildConfiguration;
			buildSettings = {
				ASSETCATALOG_COMPILER_APPICON_NAME = AppIcon;
				ASSETCATALOG_COMPILER_GLOBAL_ACCENT_COLOR_NAME = AccentColor;
				CODE_SIGN_STYLE = Automatic;
				CURRENT_PROJECT_VERSION = 1;
				GENERATE_INFOPLIST_FILE = YES;
				INFOPLIST_FILE = "MACos-project/Info.plist";
				INFOPLIST_KEY_UIApplicationSupportsIndirectInputEvents = YES;
				INFOPLIST_KEY_UILaunchStoryboardName = LaunchScreen;
				INFOPLIST_KEY_UIMainStoryboardFile = Main;
				INFOPLIST_KEY_UISupportedInterfaceOrientations_iPad = "UIInterfaceOrientationPortrait UIInterfaceOrientationPortraitUpsideDown UIInterfaceOrientationLandscapeLeft UIInterfaceOrientationLandscapeRight";
				INFOPLIST_KEY_UISupportedInterfaceOrientations_iPhone = "UIInterfaceOrientationPortrait UIInterfaceOrientationLandscapeLeft UIInterfaceOrientationLandscapeRight";
				LD_RUNPATH_SEARCH_PATHS = (
					"$(inherited)",
					"@executable_path/Frameworks",
				);
				MARKETING_VERSION = 1.0;
				PRODUCT_BUNDLE_IDENTIFIER = "NSCC.MACos-project";
				PRODUCT_NAME = "$(TARGET_NAME)";
				SWIFT_EMIT_LOC_STRINGS = YES;
				SWIFT_VERSION = 5.0;
				TARGETED_DEVICE_FAMILY = "1,2";
			};
			name = Debug;
		};
		734B702F29DDF62D001A1FA3 /* Release */ = {
			isa = XCBuildConfiguration;
			buildSettings = {
				ASSETCATALOG_COMPILER_APPICON_NAME = AppIcon;
				ASSETCATALOG_COMPILER_GLOBAL_ACCENT_COLOR_NAME = AccentColor;
				CODE_SIGN_STYLE = Automatic;
				CURRENT_PROJECT_VERSION = 1;
				GENERATE_INFOPLIST_FILE = YES;
				INFOPLIST_FILE = "MACos-project/Info.plist";
				INFOPLIST_KEY_UIApplicationSupportsIndirectInputEvents = YES;
				INFOPLIST_KEY_UILaunchStoryboardName = LaunchScreen;
				INFOPLIST_KEY_UIMainStoryboardFile = Main;
				INFOPLIST_KEY_UISupportedInterfaceOrientations_iPad = "UIInterfaceOrientationPortrait UIInterfaceOrientationPortraitUpsideDown UIInterfaceOrientationLandscapeLeft UIInterfaceOrientationLandscapeRight";
				INFOPLIST_KEY_UISupportedInterfaceOrientations_iPhone = "UIInterfaceOrientationPortrait UIInterfaceOrientationLandscapeLeft UIInterfaceOrientationLandscapeRight";
				LD_RUNPATH_SEARCH_PATHS = (
					"$(inherited)",
					"@executable_path/Frameworks",
				);
				MARKETING_VERSION = 1.0;
				PRODUCT_BUNDLE_IDENTIFIER = "NSCC.MACos-project";
				PRODUCT_NAME = "$(TARGET_NAME)";
				SWIFT_EMIT_LOC_STRINGS = YES;
				SWIFT_VERSION = 5.0;
				TARGETED_DEVICE_FAMILY = "1,2";
			};
			name = Release;
		};
		734B703129DDF62D001A1FA3 /* Debug */ = {
			isa = XCBuildConfiguration;
			buildSettings = {
				ALWAYS_EMBED_SWIFT_STANDARD_LIBRARIES = YES;
				BUNDLE_LOADER = "$(TEST_HOST)";
				CODE_SIGN_STYLE = Automatic;
				CURRENT_PROJECT_VERSION = 1;
				GENERATE_INFOPLIST_FILE = YES;
				IPHONEOS_DEPLOYMENT_TARGET = 16.2;
				MARKETING_VERSION = 1.0;
				PRODUCT_BUNDLE_IDENTIFIER = "NSCC.MACos-projectTests";
				PRODUCT_NAME = "$(TARGET_NAME)";
				SWIFT_EMIT_LOC_STRINGS = NO;
				SWIFT_VERSION = 5.0;
				TARGETED_DEVICE_FAMILY = "1,2";
				TEST_HOST = "$(BUILT_PRODUCTS_DIR)/MACos-project.app/$(BUNDLE_EXECUTABLE_FOLDER_PATH)/MACos-project";
			};
			name = Debug;
		};
		734B703229DDF62D001A1FA3 /* Release */ = {
			isa = XCBuildConfiguration;
			buildSettings = {
				ALWAYS_EMBED_SWIFT_STANDARD_LIBRARIES = YES;
				BUNDLE_LOADER = "$(TEST_HOST)";
				CODE_SIGN_STYLE = Automatic;
				CURRENT_PROJECT_VERSION = 1;
				GENERATE_INFOPLIST_FILE = YES;
				IPHONEOS_DEPLOYMENT_TARGET = 16.2;
				MARKETING_VERSION = 1.0;
				PRODUCT_BUNDLE_IDENTIFIER = "NSCC.MACos-projectTests";
				PRODUCT_NAME = "$(TARGET_NAME)";
				SWIFT_EMIT_LOC_STRINGS = NO;
				SWIFT_VERSION = 5.0;
				TARGETED_DEVICE_FAMILY = "1,2";
				TEST_HOST = "$(BUILT_PRODUCTS_DIR)/MACos-project.app/$(BUNDLE_EXECUTABLE_FOLDER_PATH)/MACos-project";
			};
			name = Release;
		};
		734B703429DDF62D001A1FA3 /* Debug */ = {
			isa = XCBuildConfiguration;
			buildSettings = {
				ALWAYS_EMBED_SWIFT_STANDARD_LIBRARIES = YES;
				CODE_SIGN_STYLE = Automatic;
				CURRENT_PROJECT_VERSION = 1;
				GENERATE_INFOPLIST_FILE = YES;
				MARKETING_VERSION = 1.0;
				PRODUCT_BUNDLE_IDENTIFIER = "NSCC.MACos-projectUITests";
				PRODUCT_NAME = "$(TARGET_NAME)";
				SWIFT_EMIT_LOC_STRINGS = NO;
				SWIFT_VERSION = 5.0;
				TARGETED_DEVICE_FAMILY = "1,2";
				TEST_TARGET_NAME = "MACos-project";
			};
			name = Debug;
		};
		734B703529DDF62D001A1FA3 /* Release */ = {
			isa = XCBuildConfiguration;
			buildSettings = {
				ALWAYS_EMBED_SWIFT_STANDARD_LIBRARIES = YES;
				CODE_SIGN_STYLE = Automatic;
				CURRENT_PROJECT_VERSION = 1;
				GENERATE_INFOPLIST_FILE = YES;
				MARKETING_VERSION = 1.0;
				PRODUCT_BUNDLE_IDENTIFIER = "NSCC.MACos-projectUITests";
				PRODUCT_NAME = "$(TARGET_NAME)";
				SWIFT_EMIT_LOC_STRINGS = NO;
				SWIFT_VERSION = 5.0;
				TARGETED_DEVICE_FAMILY = "1,2";
				TEST_TARGET_NAME = "MACos-project";
			};
			name = Release;
		};
/* End XCBuildConfiguration section */

/* Begin XCConfigurationList section */
		734B6FFE29DDF62C001A1FA3 /* Build configuration list for PBXProject "MACos-project" */ = {
			isa = XCConfigurationList;
			buildConfigurations = (
				734B702B29DDF62D001A1FA3 /* Debug */,
				734B702C29DDF62D001A1FA3 /* Release */,
			);
			defaultConfigurationIsVisible = 0;
			defaultConfigurationName = Release;
		};
		734B702D29DDF62D001A1FA3 /* Build configuration list for PBXNativeTarget "MACos-project" */ = {
			isa = XCConfigurationList;
			buildConfigurations = (
				734B702E29DDF62D001A1FA3 /* Debug */,
				734B702F29DDF62D001A1FA3 /* Release */,
			);
			defaultConfigurationIsVisible = 0;
			defaultConfigurationName = Release;
		};
		734B703029DDF62D001A1FA3 /* Build configuration list for PBXNativeTarget "MACos-projectTests" */ = {
			isa = XCConfigurationList;
			buildConfigurations = (
				734B703129DDF62D001A1FA3 /* Debug */,
				734B703229DDF62D001A1FA3 /* Release */,
			);
			defaultConfigurationIsVisible = 0;
			defaultConfigurationName = Release;
		};
		734B703329DDF62D001A1FA3 /* Build configuration list for PBXNativeTarget "MACos-projectUITests" */ = {
			isa = XCConfigurationList;
			buildConfigurations = (
				734B703429DDF62D001A1FA3 /* Debug */,
				734B703529DDF62D001A1FA3 /* Release */,
			);
			defaultConfigurationIsVisible = 0;
			defaultConfigurationName = Release;
		};
/* End XCConfigurationList section */
	};
	rootObject = 734B6FFB29DDF62C001A1FA3 /* Project object */;
}
